
Microsoft Visual Studio Solution File, Format Version 12.00
# Visual Studio Version 17
VisualStudioVersion = 17.0.31903.59
MinimumVisualStudioVersion = 10.0.40219.1
Project("{2150E333-8FDC-42A3-9474-1A3956D46DE8}") = "src", "src", "{FB5EA469-F64F-4FCB-A09D-89515EDF759F}"
EndProject
Project("{9A19103F-16F7-4668-BE54-9A1E7A4F7556}") = "TransferoHR.WebApi", "src\TransferoHR.WebApi\TransferoHR.WebApi.csproj", "{F2C6FCC0-A008-497A-A1B3-D1819E3D8565}"
EndProject
Project("{9A19103F-16F7-4668-BE54-9A1E7A4F7556}") = "TransferoHR.Services", "src\TransferoHR.Services\TransferoHR.Services.csproj", "{EB9993B0-58A6-4D75-83AC-8C5F0C5538BA}"
EndProject
Project("{9A19103F-16F7-4668-BE54-9A1E7A4F7556}") = "TransferoHR.Infra", "src\TransferoHR.Infra\TransferoHR.Infra.csproj", "{3AF0EF23-30D9-4DE2-8632-66B0EE36C818}"
EndProject
Project("{9A19103F-16F7-4668-BE54-9A1E7A4F7556}") = "TransferoHR.Domain", "src\TransferoHR.Domain\TransferoHR.Domain.csproj", "{BB41A50D-B07A-4EC2-B974-5792726AF9A6}"
EndProject
Project("{2150E333-8FDC-42A3-9474-1A3956D46DE8}") = "Tests", "Tests", "{34382914-9A6E-4F90-B7BF-483EA5CBB282}"
EndProject
Global
	GlobalSection(SolutionConfigurationPlatforms) = preSolution
		Debug|Any CPU = Debug|Any CPU
		Release|Any CPU = Release|Any CPU
	EndGlobalSection
	GlobalSection(ProjectConfigurationPlatforms) = postSolution
		{F2C6FCC0-A008-497A-A1B3-D1819E3D8565}.Debug|Any CPU.ActiveCfg = Debug|Any CPU
		{F2C6FCC0-A008-497A-A1B3-D1819E3D8565}.Debug|Any CPU.Build.0 = Debug|Any CPU
		{F2C6FCC0-A008-497A-A1B3-D1819E3D8565}.Release|Any CPU.ActiveCfg = Release|Any CPU
		{F2C6FCC0-A008-497A-A1B3-D1819E3D8565}.Release|Any CPU.Build.0 = Release|Any CPU
		{EB9993B0-58A6-4D75-83AC-8C5F0C5538BA}.Debug|Any CPU.ActiveCfg = Debug|Any CPU
		{EB9993B0-58A6-4D75-83AC-8C5F0C5538BA}.Debug|Any CPU.Build.0 = Debug|Any CPU
		{EB9993B0-58A6-4D75-83AC-8C5F0C5538BA}.Release|Any CPU.ActiveCfg = Release|Any CPU
		{EB9993B0-58A6-4D75-83AC-8C5F0C5538BA}.Release|Any CPU.Build.0 = Release|Any CPU
		{3AF0EF23-30D9-4DE2-8632-66B0EE36C818}.Debug|Any CPU.ActiveCfg = Debug|Any CPU
		{3AF0EF23-30D9-4DE2-8632-66B0EE36C818}.Debug|Any CPU.Build.0 = Debug|Any CPU
		{3AF0EF23-30D9-4DE2-8632-66B0EE36C818}.Release|Any CPU.ActiveCfg = Release|Any CPU
		{3AF0EF23-30D9-4DE2-8632-66B0EE36C818}.Release|Any CPU.Build.0 = Release|Any CPU
		{BB41A50D-B07A-4EC2-B974-5792726AF9A6}.Debug|Any CPU.ActiveCfg = Debug|Any CPU
		{BB41A50D-B07A-4EC2-B974-5792726AF9A6}.Debug|Any CPU.Build.0 = Debug|Any CPU
		{BB41A50D-B07A-4EC2-B974-5792726AF9A6}.Release|Any CPU.ActiveCfg = Release|Any CPU
		{BB41A50D-B07A-4EC2-B974-5792726AF9A6}.Release|Any CPU.Build.0 = Release|Any CPU
	EndGlobalSection
	GlobalSection(SolutionProperties) = preSolution
		HideSolutionNode = FALSE
	EndGlobalSection
	GlobalSection(NestedProjects) = preSolution
		{F2C6FCC0-A008-497A-A1B3-D1819E3D8565} = {FB5EA469-F64F-4FCB-A09D-89515EDF759F}
		{EB9993B0-58A6-4D75-83AC-8C5F0C5538BA} = {FB5EA469-F64F-4FCB-A09D-89515EDF759F}
		{3AF0EF23-30D9-4DE2-8632-66B0EE36C818} = {FB5EA469-F64F-4FCB-A09D-89515EDF759F}
		{BB41A50D-B07A-4EC2-B974-5792726AF9A6} = {FB5EA469-F64F-4FCB-A09D-89515EDF759F}
	EndGlobalSection
	GlobalSection(ExtensibilityGlobals) = postSolution
		SolutionGuid = {43E508F9-BCCC-4C6E-A44E-229CE80803CA}
	EndGlobalSection
EndGlobal
